
Microsoft Visual Studio Solution File, Format Version 12.00
# Visual Studio Version 16
VisualStudioVersion = 16.0.30320.27
MinimumVisualStudioVersion = 10.0.40219.1
Project("{9A19103F-16F7-4668-BE54-9A1E7A4F7556}") = "CsvLibrary", "CsvLib\CsvLibrary.csproj", "{792022B1-8EAB-4313-A48F-04DD30F5EC6C}"
EndProject
Project("{FAE04EC0-301F-11D3-BF4B-00C04F79EFBC}") = "CsvLibrary.Test", "CsvLibrary.Test\CsvLibrary.Test.csproj", "{C76AEF18-FCEC-47B8-B49B-9990E246BB50}"
EndProject
Global
	GlobalSection(SolutionConfigurationPlatforms) = preSolution
		Debug|Any CPU = Debug|Any CPU
		Release|Any CPU = Release|Any CPU
	EndGlobalSection
	GlobalSection(ProjectConfigurationPlatforms) = postSolution
		{792022B1-8EAB-4313-A48F-04DD30F5EC6C}.Debug|Any CPU.ActiveCfg = Debug|Any CPU
		{792022B1-8EAB-4313-A48F-04DD30F5EC6C}.Debug|Any CPU.Build.0 = Debug|Any CPU
		{792022B1-8EAB-4313-A48F-04DD30F5EC6C}.Release|Any CPU.ActiveCfg = Release|Any CPU
		{792022B1-8EAB-4313-A48F-04DD30F5EC6C}.Release|Any CPU.Build.0 = Release|Any CPU
		{C76AEF18-FCEC-47B8-B49B-9990E246BB50}.Debug|Any CPU.ActiveCfg = Debug|Any CPU
		{C76AEF18-FCEC-47B8-B49B-9990E246BB50}.Debug|Any CPU.Build.0 = Debug|Any CPU
		{C76AEF18-FCEC-47B8-B49B-9990E246BB50}.Release|Any CPU.ActiveCfg = Release|Any CPU
		{C76AEF18-FCEC-47B8-B49B-9990E246BB50}.Release|Any CPU.Build.0 = Release|Any CPU
	EndGlobalSection
	GlobalSection(SolutionProperties) = preSolution
		HideSolutionNode = FALSE
	EndGlobalSection
	GlobalSection(ExtensibilityGlobals) = postSolution
		SolutionGuid = {8501BFAC-FBE8-4F18-AB10-DCF8C0BE2927}
	EndGlobalSection
EndGlobal
